
Microsoft Visual Studio Solution File, Format Version 12.00
# Visual Studio Version 16
VisualStudioVersion = 16.0.31112.23
MinimumVisualStudioVersion = 10.0.40219.1
Project("{FAE04EC0-301F-11D3-BF4B-00C04F79EFBC}") = "TestCustomer", "TestCustomer\TestCustomer.csproj", "{E4FB213C-9263-437F-836D-C2EAFA84A65B}"
EndProject
Global
	GlobalSection(SolutionConfigurationPlatforms) = preSolution
		Debug|Any CPU = Debug|Any CPU
		Release|Any CPU = Release|Any CPU
	EndGlobalSection
	GlobalSection(ProjectConfigurationPlatforms) = postSolution
		{E4FB213C-9263-437F-836D-C2EAFA84A65B}.Debug|Any CPU.ActiveCfg = Debug|Any CPU
		{E4FB213C-9263-437F-836D-C2EAFA84A65B}.Debug|Any CPU.Build.0 = Debug|Any CPU
		{E4FB213C-9263-437F-836D-C2EAFA84A65B}.Release|Any CPU.ActiveCfg = Release|Any CPU
		{E4FB213C-9263-437F-836D-C2EAFA84A65B}.Release|Any CPU.Build.0 = Release|Any CPU
	EndGlobalSection
	GlobalSection(SolutionProperties) = preSolution
		HideSolutionNode = FALSE
	EndGlobalSection
	GlobalSection(ExtensibilityGlobals) = postSolution
		SolutionGuid = {120B8BD8-9359-443D-87FF-EC5A340F831A}
	EndGlobalSection
EndGlobal
